{
  "name": "rn-web-starter",
  "version": "0.1.0",
  "lockfileVersion": 3,
  "requires": true,
  "packages": {
    "": {
      "name": "rn-web-starter",
      "version": "0.1.0",
      "dependencies": {
        "expo": "*",
        "react": "*",
        "react-dom": "*",
        "react-native": "*",
        "react-native-web": "*"
      },
      "devDependencies": {
        "@types/react": "*",
        "@types/react-native": "*",
        "babel-preset-expo": "*",
        "eslint": "*",
        "typescript": "*"
      }
    }
  }
}
